
Microsoft Visual Studio Solution File, Format Version 12.00
# Visual Studio Version 17
VisualStudioVersion = 17.14.36109.1
MinimumVisualStudioVersion = 10.0.40219.1
Project("{FAE04EC0-301F-11D3-BF4B-00C04F79EFBC}") = "ProductService.API", "ProductService\ProductService.API\ProductService.API.csproj", "{1B254A31-410D-4EAB-9BE5-6DE3BD792EBF}"
EndProject
Project("{FAE04EC0-301F-11D3-BF4B-00C04F79EFBC}") = "CartService.API", "CartService\CartService.API\CartService.API.csproj", "{8E652CDE-74E2-4323-935D-5D996E807C34}"
EndProject
Project("{FAE04EC0-301F-11D3-BF4B-00C04F79EFBC}") = "OrderService.API", "OrderService\OrderService.API\OrderService.API.csproj", "{441C230A-87D1-4E32-8433-8CD0CC3624A2}"
EndProject
Project("{FAE04EC0-301F-11D3-BF4B-00C04F79EFBC}") = "CoreGateway.API", "CoreGateway\CoreGateway.API\CoreGateway.API.csproj", "{3A24AA51-5B65-41C3-8A58-D96A8E3758EB}"
EndProject
Project("{FAE04EC0-301F-11D3-BF4B-00C04F79EFBC}") = "AdapterFactory", "AdapterFactory\AdapterFactory\AdapterFactory.csproj", "{876A666F-6D1E-43B5-833B-E4275B94F40F}"
EndProject
Project("{FAE04EC0-301F-11D3-BF4B-00C04F79EFBC}") = "AbcMockService", "EbayMockService\EbayMockService\AbcMockService.csproj", "{B0A102CC-C8D4-48C6-BCCC-5D0A355E64F8}"
EndProject
Project("{FAE04EC0-301F-11D3-BF4B-00C04F79EFBC}") = "CdeMockService", "AmazoneMockService\AmazoneMockService\CdeMockService.csproj", "{6B6D9014-41CF-4645-8F82-1738329E6330}"
EndProject
Project("{FAE04EC0-301F-11D3-BF4B-00C04F79EFBC}") = "userService.Api", "UserService\userService.Api\userService.Api.csproj", "{F7704092-4A46-4590-8400-0921128EDF63}"
EndProject
Global
	GlobalSection(SolutionConfigurationPlatforms) = preSolution
		Debug|Any CPU = Debug|Any CPU
		Release|Any CPU = Release|Any CPU
	EndGlobalSection
	GlobalSection(ProjectConfigurationPlatforms) = postSolution
		{1B254A31-410D-4EAB-9BE5-6DE3BD792EBF}.Debug|Any CPU.ActiveCfg = Debug|Any CPU
		{1B254A31-410D-4EAB-9BE5-6DE3BD792EBF}.Debug|Any CPU.Build.0 = Debug|Any CPU
		{1B254A31-410D-4EAB-9BE5-6DE3BD792EBF}.Release|Any CPU.ActiveCfg = Release|Any CPU
		{1B254A31-410D-4EAB-9BE5-6DE3BD792EBF}.Release|Any CPU.Build.0 = Release|Any CPU
		{8E652CDE-74E2-4323-935D-5D996E807C34}.Debug|Any CPU.ActiveCfg = Debug|Any CPU
		{8E652CDE-74E2-4323-935D-5D996E807C34}.Debug|Any CPU.Build.0 = Debug|Any CPU
		{8E652CDE-74E2-4323-935D-5D996E807C34}.Release|Any CPU.ActiveCfg = Release|Any CPU
		{8E652CDE-74E2-4323-935D-5D996E807C34}.Release|Any CPU.Build.0 = Release|Any CPU
		{441C230A-87D1-4E32-8433-8CD0CC3624A2}.Debug|Any CPU.ActiveCfg = Debug|Any CPU
		{441C230A-87D1-4E32-8433-8CD0CC3624A2}.Debug|Any CPU.Build.0 = Debug|Any CPU
		{441C230A-87D1-4E32-8433-8CD0CC3624A2}.Release|Any CPU.ActiveCfg = Release|Any CPU
		{441C230A-87D1-4E32-8433-8CD0CC3624A2}.Release|Any CPU.Build.0 = Release|Any CPU
		{3A24AA51-5B65-41C3-8A58-D96A8E3758EB}.Debug|Any CPU.ActiveCfg = Debug|Any CPU
		{3A24AA51-5B65-41C3-8A58-D96A8E3758EB}.Debug|Any CPU.Build.0 = Debug|Any CPU
		{3A24AA51-5B65-41C3-8A58-D96A8E3758EB}.Release|Any CPU.ActiveCfg = Release|Any CPU
		{3A24AA51-5B65-41C3-8A58-D96A8E3758EB}.Release|Any CPU.Build.0 = Release|Any CPU
		{876A666F-6D1E-43B5-833B-E4275B94F40F}.Debug|Any CPU.ActiveCfg = Debug|Any CPU
		{876A666F-6D1E-43B5-833B-E4275B94F40F}.Debug|Any CPU.Build.0 = Debug|Any CPU
		{876A666F-6D1E-43B5-833B-E4275B94F40F}.Release|Any CPU.ActiveCfg = Release|Any CPU
		{876A666F-6D1E-43B5-833B-E4275B94F40F}.Release|Any CPU.Build.0 = Release|Any CPU
		{B0A102CC-C8D4-48C6-BCCC-5D0A355E64F8}.Debug|Any CPU.ActiveCfg = Debug|Any CPU
		{B0A102CC-C8D4-48C6-BCCC-5D0A355E64F8}.Debug|Any CPU.Build.0 = Debug|Any CPU
		{B0A102CC-C8D4-48C6-BCCC-5D0A355E64F8}.Release|Any CPU.ActiveCfg = Release|Any CPU
		{B0A102CC-C8D4-48C6-BCCC-5D0A355E64F8}.Release|Any CPU.Build.0 = Release|Any CPU
		{6B6D9014-41CF-4645-8F82-1738329E6330}.Debug|Any CPU.ActiveCfg = Debug|Any CPU
		{6B6D9014-41CF-4645-8F82-1738329E6330}.Debug|Any CPU.Build.0 = Debug|Any CPU
		{6B6D9014-41CF-4645-8F82-1738329E6330}.Release|Any CPU.ActiveCfg = Release|Any CPU
		{6B6D9014-41CF-4645-8F82-1738329E6330}.Release|Any CPU.Build.0 = Release|Any CPU
		{F7704092-4A46-4590-8400-0921128EDF63}.Debug|Any CPU.ActiveCfg = Debug|Any CPU
		{F7704092-4A46-4590-8400-0921128EDF63}.Debug|Any CPU.Build.0 = Debug|Any CPU
		{F7704092-4A46-4590-8400-0921128EDF63}.Release|Any CPU.ActiveCfg = Release|Any CPU
		{F7704092-4A46-4590-8400-0921128EDF63}.Release|Any CPU.Build.0 = Release|Any CPU
	EndGlobalSection
	GlobalSection(SolutionProperties) = preSolution
		HideSolutionNode = FALSE
	EndGlobalSection
	GlobalSection(ExtensibilityGlobals) = postSolution
		SolutionGuid = {1032926B-E071-4620-BE4A-5EC8DD4FAA38}
	EndGlobalSection
EndGlobal
